
Microsoft Visual Studio Solution File, Format Version 12.00
# Visual Studio Version 16
VisualStudioVersion = 16.0.30804.86
MinimumVisualStudioVersion = 10.0.40219.1
Project("{FAE04EC0-301F-11D3-BF4B-00C04F79EFBC}") = "ImplementacjaStosu", "ImplementacjaStosu\ImplementacjaStosu.csproj", "{67BA2174-CE27-421D-8383-8422BCC3FF66}"
EndProject
Project("{FAE04EC0-301F-11D3-BF4B-00C04F79EFBC}") = "UnitTestProject1", "UnitTestProject1\UnitTestProject1.csproj", "{876A4F7C-8652-4DFF-8CA1-2DD58BF608D7}"
EndProject
Global
	GlobalSection(SolutionConfigurationPlatforms) = preSolution
		Debug|Any CPU = Debug|Any CPU
		Release|Any CPU = Release|Any CPU
	EndGlobalSection
	GlobalSection(ProjectConfigurationPlatforms) = postSolution
		{67BA2174-CE27-421D-8383-8422BCC3FF66}.Debug|Any CPU.ActiveCfg = Debug|Any CPU
		{67BA2174-CE27-421D-8383-8422BCC3FF66}.Debug|Any CPU.Build.0 = Debug|Any CPU
		{67BA2174-CE27-421D-8383-8422BCC3FF66}.Release|Any CPU.ActiveCfg = Release|Any CPU
		{67BA2174-CE27-421D-8383-8422BCC3FF66}.Release|Any CPU.Build.0 = Release|Any CPU
		{876A4F7C-8652-4DFF-8CA1-2DD58BF608D7}.Debug|Any CPU.ActiveCfg = Debug|Any CPU
		{876A4F7C-8652-4DFF-8CA1-2DD58BF608D7}.Debug|Any CPU.Build.0 = Debug|Any CPU
		{876A4F7C-8652-4DFF-8CA1-2DD58BF608D7}.Release|Any CPU.ActiveCfg = Release|Any CPU
		{876A4F7C-8652-4DFF-8CA1-2DD58BF608D7}.Release|Any CPU.Build.0 = Release|Any CPU
	EndGlobalSection
	GlobalSection(SolutionProperties) = preSolution
		HideSolutionNode = FALSE
	EndGlobalSection
	GlobalSection(ExtensibilityGlobals) = postSolution
		SolutionGuid = {19278EF7-F9A2-45C3-9C76-B41BC21D5696}
	EndGlobalSection
EndGlobal
